
Microsoft Visual Studio Solution File, Format Version 12.00
# Visual Studio Version 16
VisualStudioVersion = 16.0.29409.12
MinimumVisualStudioVersion = 10.0.40219.1
Project("{8BC9CEB8-8B4A-11D0-8D11-00A0C91BC942}") = "Lab 5.6", "Lab 5.6\Lab 5.6.vcxproj", "{CB34C83C-9DA3-4700-A217-682C26DFAAB0}"
EndProject
Global
	GlobalSection(SolutionConfigurationPlatforms) = preSolution
		Debug|x64 = Debug|x64
		Debug|x86 = Debug|x86
		Release|x64 = Release|x64
		Release|x86 = Release|x86
	EndGlobalSection
	GlobalSection(ProjectConfigurationPlatforms) = postSolution
		{CB34C83C-9DA3-4700-A217-682C26DFAAB0}.Debug|x64.ActiveCfg = Debug|x64
		{CB34C83C-9DA3-4700-A217-682C26DFAAB0}.Debug|x64.Build.0 = Debug|x64
		{CB34C83C-9DA3-4700-A217-682C26DFAAB0}.Debug|x86.ActiveCfg = Debug|Win32
		{CB34C83C-9DA3-4700-A217-682C26DFAAB0}.Debug|x86.Build.0 = Debug|Win32
		{CB34C83C-9DA3-4700-A217-682C26DFAAB0}.Release|x64.ActiveCfg = Release|x64
		{CB34C83C-9DA3-4700-A217-682C26DFAAB0}.Release|x64.Build.0 = Release|x64
		{CB34C83C-9DA3-4700-A217-682C26DFAAB0}.Release|x86.ActiveCfg = Release|Win32
		{CB34C83C-9DA3-4700-A217-682C26DFAAB0}.Release|x86.Build.0 = Release|Win32
	EndGlobalSection
	GlobalSection(SolutionProperties) = preSolution
		HideSolutionNode = FALSE
	EndGlobalSection
	GlobalSection(ExtensibilityGlobals) = postSolution
		SolutionGuid = {D6462AA3-A2E8-4482-B506-C1D6F52FB02A}
	EndGlobalSection
EndGlobal
